
Microsoft Visual Studio Solution File, Format Version 12.00
# Visual Studio Version 16
VisualStudioVersion = 16.0.30114.105
MinimumVisualStudioVersion = 10.0.40219.1
Project("{FAE04EC0-301F-11D3-BF4B-00C04F79EFBC}") = "API", "API\API.csproj", "{9EE7AB84-1118-4698-AC07-D54A001788F5}"
EndProject
Project("{FAE04EC0-301F-11D3-BF4B-00C04F79EFBC}") = "Core", "Core\Core.csproj", "{6C9B6747-00FE-422F-859D-04CB77F45D86}"
EndProject
Project("{FAE04EC0-301F-11D3-BF4B-00C04F79EFBC}") = "Infrastructure", "Infrastructure\Infrastructure.csproj", "{FB221631-BE74-4DD0-8CBE-8C0B60F56F64}"
EndProject
Global
	GlobalSection(SolutionConfigurationPlatforms) = preSolution
		Debug|Any CPU = Debug|Any CPU
		Release|Any CPU = Release|Any CPU
	EndGlobalSection
	GlobalSection(SolutionProperties) = preSolution
		HideSolutionNode = FALSE
	EndGlobalSection
	GlobalSection(ProjectConfigurationPlatforms) = postSolution
		{9EE7AB84-1118-4698-AC07-D54A001788F5}.Debug|Any CPU.ActiveCfg = Debug|Any CPU
		{9EE7AB84-1118-4698-AC07-D54A001788F5}.Debug|Any CPU.Build.0 = Debug|Any CPU
		{9EE7AB84-1118-4698-AC07-D54A001788F5}.Release|Any CPU.ActiveCfg = Release|Any CPU
		{9EE7AB84-1118-4698-AC07-D54A001788F5}.Release|Any CPU.Build.0 = Release|Any CPU
		{6C9B6747-00FE-422F-859D-04CB77F45D86}.Debug|Any CPU.ActiveCfg = Debug|Any CPU
		{6C9B6747-00FE-422F-859D-04CB77F45D86}.Debug|Any CPU.Build.0 = Debug|Any CPU
		{6C9B6747-00FE-422F-859D-04CB77F45D86}.Release|Any CPU.ActiveCfg = Release|Any CPU
		{6C9B6747-00FE-422F-859D-04CB77F45D86}.Release|Any CPU.Build.0 = Release|Any CPU
		{FB221631-BE74-4DD0-8CBE-8C0B60F56F64}.Debug|Any CPU.ActiveCfg = Debug|Any CPU
		{FB221631-BE74-4DD0-8CBE-8C0B60F56F64}.Debug|Any CPU.Build.0 = Debug|Any CPU
		{FB221631-BE74-4DD0-8CBE-8C0B60F56F64}.Release|Any CPU.ActiveCfg = Release|Any CPU
		{FB221631-BE74-4DD0-8CBE-8C0B60F56F64}.Release|Any CPU.Build.0 = Release|Any CPU
	EndGlobalSection
EndGlobal
